// !$*UTF8*$!
{
	archiveVersion = 1;
	classes = {
	};
	objectVersion = 55;
	objects = {

/* Begin PBXBuildFile section */
		0116300929FA6ADA000B0150 /* MovieViewModel.swift in Sources */ = {isa = PBXBuildFile; fileRef = 0116300829FA6ADA000B0150 /* MovieViewModel.swift */; };
		019BE2BA29F94C5300BDEE41 /* AppDelegate.swift in Sources */ = {isa = PBXBuildFile; fileRef = 019BE2B929F94C5300BDEE41 /* AppDelegate.swift */; };
		019BE2BC29F94C5300BDEE41 /* SceneDelegate.swift in Sources */ = {isa = PBXBuildFile; fileRef = 019BE2BB29F94C5300BDEE41 /* SceneDelegate.swift */; };
		019BE2BE29F94C5300BDEE41 /* ViewController.swift in Sources */ = {isa = PBXBuildFile; fileRef = 019BE2BD29F94C5300BDEE41 /* ViewController.swift */; };
		019BE2C129F94C5300BDEE41 /* Main.storyboard in Resources */ = {isa = PBXBuildFile; fileRef = 019BE2BF29F94C5300BDEE41 /* Main.storyboard */; };
		019BE2C329F94C5500BDEE41 /* Assets.xcassets in Resources */ = {isa = PBXBuildFile; fileRef = 019BE2C229F94C5500BDEE41 /* Assets.xcassets */; };
		019BE2C629F94C5500BDEE41 /* LaunchScreen.storyboard in Resources */ = {isa = PBXBuildFile; fileRef = 019BE2C429F94C5500BDEE41 /* LaunchScreen.storyboard */; };
		019BE2CF29F94CA800BDEE41 /* UserData.swift in Sources */ = {isa = PBXBuildFile; fileRef = 019BE2CE29F94CA800BDEE41 /* UserData.swift */; };
		019BE2D229F94E9900BDEE41 /* Parser.swift in Sources */ = {isa = PBXBuildFile; fileRef = 019BE2D129F94E9900BDEE41 /* Parser.swift */; };
		019BE2D829F960E900BDEE41 /* Service.swift in Sources */ = {isa = PBXBuildFile; fileRef = 019BE2D729F960E900BDEE41 /* Service.swift */; };
		019BE2DB29F9614500BDEE41 /* MovieModel.swift in Sources */ = {isa = PBXBuildFile; fileRef = 019BE2DA29F9614500BDEE41 /* MovieModel.swift */; };
		1ECE0FBD0619BCD22C34FAAB /* Pods_APi_prcatice.framework in Frameworks */ = {isa = PBXBuildFile; fileRef = D2E0524B81D0B27B4099AE1F /* Pods_APi_prcatice.framework */; };
/* End PBXBuildFile section */

/* Begin PBXFileReference section */
		0116300829FA6ADA000B0150 /* MovieViewModel.swift */ = {isa = PBXFileReference; lastKnownFileType = sourcecode.swift; path = MovieViewModel.swift; sourceTree = "<group>"; };
		019BE2B629F94C5300BDEE41 /* APi prcatice.app */ = {isa = PBXFileReference; explicitFileType = wrapper.application; includeInIndex = 0; path = "APi prcatice.app"; sourceTree = BUILT_PRODUCTS_DIR; };
		019BE2B929F94C5300BDEE41 /* AppDelegate.swift */ = {isa = PBXFileReference; lastKnownFileType = sourcecode.swift; path = AppDelegate.swift; sourceTree = "<group>"; };
		019BE2BB29F94C5300BDEE41 /* SceneDelegate.swift */ = {isa = PBXFileReference; lastKnownFileType = sourcecode.swift; path = SceneDelegate.swift; sourceTree = "<group>"; };
		019BE2BD29F94C5300BDEE41 /* ViewController.swift */ = {isa = PBXFileReference; lastKnownFileType = sourcecode.swift; path = ViewController.swift; sourceTree = "<group>"; };
		019BE2C029F94C5300BDEE41 /* Base */ = {isa = PBXFileReference; lastKnownFileType = file.storyboard; name = Base; path = Base.lproj/Main.storyboard; sourceTree = "<group>"; };
		019BE2C229F94C5500BDEE41 /* Assets.xcassets */ = {isa = PBXFileReference; lastKnownFileType = folder.assetcatalog; path = Assets.xcassets; sourceTree = "<group>"; };
		019BE2C529F94C5500BDEE41 /* Base */ = {isa = PBXFileReference; lastKnownFileType = file.storyboard; name = Base; path = Base.lproj/LaunchScreen.storyboard; sourceTree = "<group>"; };
		019BE2C729F94C5500BDEE41 /* Info.plist */ = {isa = PBXFileReference; lastKnownFileType = text.plist.xml; path = Info.plist; sourceTree = "<group>"; };
		019BE2CE29F94CA800BDEE41 /* UserData.swift */ = {isa = PBXFileReference; lastKnownFileType = sourcecode.swift; path = UserData.swift; sourceTree = "<group>"; };
		019BE2D129F94E9900BDEE41 /* Parser.swift */ = {isa = PBXFileReference; lastKnownFileType = sourcecode.swift; path = Parser.swift; sourceTree = "<group>"; };
		019BE2D729F960E900BDEE41 /* Service.swift */ = {isa = PBXFileReference; lastKnownFileType = sourcecode.swift; path = Service.swift; sourceTree = "<group>"; };
		019BE2DA29F9614500BDEE41 /* MovieModel.swift */ = {isa = PBXFileReference; lastKnownFileType = sourcecode.swift; path = MovieModel.swift; sourceTree = "<group>"; };
		5D925551A7683F580A0BAE36 /* Pods-APi prcatice.release.xcconfig */ = {isa = PBXFileReference; includeInIndex = 1; lastKnownFileType = text.xcconfig; name = "Pods-APi prcatice.release.xcconfig"; path = "Target Support Files/Pods-APi prcatice/Pods-APi prcatice.release.xcconfig"; sourceTree = "<group>"; };
		D2E0524B81D0B27B4099AE1F /* Pods_APi_prcatice.framework */ = {isa = PBXFileReference; explicitFileType = wrapper.framework; includeInIndex = 0; path = Pods_APi_prcatice.framework; sourceTree = BUILT_PRODUCTS_DIR; };
		D8A51BF8AD99C712C7372AA0 /* Pods-APi prcatice.debug.xcconfig */ = {isa = PBXFileReference; includeInIndex = 1; lastKnownFileType = text.xcconfig; name = "Pods-APi prcatice.debug.xcconfig"; path = "Target Support Files/Pods-APi prcatice/Pods-APi prcatice.debug.xcconfig"; sourceTree = "<group>"; };
/* End PBXFileReference section */

/* Begin PBXFrameworksBuildPhase section */
		019BE2B329F94C5300BDEE41 /* Frameworks */ = {
			isa = PBXFrameworksBuildPhase;
			buildActionMask = 2147483647;
			files = (
				1ECE0FBD0619BCD22C34FAAB /* Pods_APi_prcatice.framework in Frameworks */,
			);
			runOnlyForDeploymentPostprocessing = 0;
		};
/* End PBXFrameworksBuildPhase section */

/* Begin PBXGroup section */
		0116300729FA6A95000B0150 /* MovieViewModel */ = {
			isa = PBXGroup;
			children = (
				0116300829FA6ADA000B0150 /* MovieViewModel.swift */,
			);
			path = MovieViewModel;
			sourceTree = "<group>";
		};
		019BE2AD29F94C5300BDEE41 = {
			isa = PBXGroup;
			children = (
				019BE2B829F94C5300BDEE41 /* APi prcatice */,
				019BE2B729F94C5300BDEE41 /* Products */,
				D2E95F385723333B66DBC95F /* Pods */,
				D14BEB58FF8A84472FD12209 /* Frameworks */,
			);
			sourceTree = "<group>";
		};
		019BE2B729F94C5300BDEE41 /* Products */ = {
			isa = PBXGroup;
			children = (
				019BE2B629F94C5300BDEE41 /* APi prcatice.app */,
			);
			name = Products;
			sourceTree = "<group>";
		};
		019BE2B829F94C5300BDEE41 /* APi prcatice */ = {
			isa = PBXGroup;
			children = (
				0116300729FA6A95000B0150 /* MovieViewModel */,
				019BE2D929F9612A00BDEE41 /* ModelService */,
				019BE2D629F960B700BDEE41 /* Service */,
				019BE2D329F9536000BDEE41 /* Controller */,
				019BE2D029F94E5C00BDEE41 /* ViewModel */,
				019BE2CD29F94C6000BDEE41 /* Model */,
				01F991622A011DEB005F7116 /* AppDelegates */,
				019BE2BF29F94C5300BDEE41 /* Main.storyboard */,
				019BE2C229F94C5500BDEE41 /* Assets.xcassets */,
				019BE2C429F94C5500BDEE41 /* LaunchScreen.storyboard */,
				019BE2C729F94C5500BDEE41 /* Info.plist */,
			);
			path = "APi prcatice";
			sourceTree = "<group>";
		};
		019BE2CD29F94C6000BDEE41 /* Model */ = {
			isa = PBXGroup;
			children = (
				019BE2CE29F94CA800BDEE41 /* UserData.swift */,
			);
			path = Model;
			sourceTree = "<group>";
		};
		019BE2D029F94E5C00BDEE41 /* ViewModel */ = {
			isa = PBXGroup;
			children = (
				019BE2D129F94E9900BDEE41 /* Parser.swift */,
			);
			path = ViewModel;
			sourceTree = "<group>";
		};
		019BE2D329F9536000BDEE41 /* Controller */ = {
			isa = PBXGroup;
			children = (
				019BE2BD29F94C5300BDEE41 /* ViewController.swift */,
			);
			path = Controller;
			sourceTree = "<group>";
		};
		019BE2D629F960B700BDEE41 /* Service */ = {
			isa = PBXGroup;
			children = (
				019BE2D729F960E900BDEE41 /* Service.swift */,
			);
			path = Service;
			sourceTree = "<group>";
		};
		019BE2D929F9612A00BDEE41 /* ModelService */ = {
			isa = PBXGroup;
			children = (
				019BE2DA29F9614500BDEE41 /* MovieModel.swift */,
			);
			path = ModelService;
			sourceTree = "<group>";
		};
		01F991622A011DEB005F7116 /* AppDelegates */ = {
			isa = PBXGroup;
			children = (
				019BE2BB29F94C5300BDEE41 /* SceneDelegate.swift */,
				019BE2B929F94C5300BDEE41 /* AppDelegate.swift */,
			);
			path = AppDelegates;
			sourceTree = "<group>";
		};
		D14BEB58FF8A84472FD12209 /* Frameworks */ = {
			isa = PBXGroup;
			children = (
				D2E0524B81D0B27B4099AE1F /* Pods_APi_prcatice.framework */,
			);
			name = Frameworks;
			sourceTree = "<group>";
		};
		D2E95F385723333B66DBC95F /* Pods */ = {
			isa = PBXGroup;
			children = (
				D8A51BF8AD99C712C7372AA0 /* Pods-APi prcatice.debug.xcconfig */,
				5D925551A7683F580A0BAE36 /* Pods-APi prcatice.release.xcconfig */,
			);
			name = Pods;
			path = Pods;
			sourceTree = "<group>";
		};
/* End PBXGroup section */

/* Begin PBXNativeTarget section */
		019BE2B529F94C5300BDEE41 /* APi prcatice */ = {
			isa = PBXNativeTarget;
			buildConfigurationList = 019BE2CA29F94C5500BDEE41 /* Build configuration list for PBXNativeTarget "APi prcatice" */;
			buildPhases = (
				4066CD5316E03A63042FF28D /* [CP] Check Pods Manifest.lock */,
				019BE2B229F94C5300BDEE41 /* Sources */,
				019BE2B329F94C5300BDEE41 /* Frameworks */,
				019BE2B429F94C5300BDEE41 /* Resources */,
				C61EC1F88CBADCE74E8B225D /* [CP] Embed Pods Frameworks */,
			);
			buildRules = (
			);
			dependencies = (
			);
			name = "APi prcatice";
			productName = "APi prcatice";
			productReference = 019BE2B629F94C5300BDEE41 /* APi prcatice.app */;
			productType = "com.apple.product-type.application";
		};
/* End PBXNativeTarget section */

/* Begin PBXProject section */
		019BE2AE29F94C5300BDEE41 /* Project object */ = {
			isa = PBXProject;
			attributes = {
				BuildIndependentTargetsInParallel = 1;
				LastSwiftUpdateCheck = 1400;
				LastUpgradeCheck = 1400;
				TargetAttributes = {
					019BE2B529F94C5300BDEE41 = {
						CreatedOnToolsVersion = 14.0.1;
					};
				};
			};
			buildConfigurationList = 019BE2B129F94C5300BDEE41 /* Build configuration list for PBXProject "APi prcatice" */;
			compatibilityVersion = "Xcode 13.0";
			developmentRegion = en;
			hasScannedForEncodings = 0;
			knownRegions = (
				en,
				Base,
			);
			mainGroup = 019BE2AD29F94C5300BDEE41;
			productRefGroup = 019BE2B729F94C5300BDEE41 /* Products */;
			projectDirPath = "";
			projectRoot = "";
			targets = (
				019BE2B529F94C5300BDEE41 /* APi prcatice */,
			);
		};
/* End PBXProject section */

/* Begin PBXResourcesBuildPhase section */
		019BE2B429F94C5300BDEE41 /* Resources */ = {
			isa = PBXResourcesBuildPhase;
			buildActionMask = 2147483647;
			files = (
				019BE2C629F94C5500BDEE41 /* LaunchScreen.storyboard in Resources */,
				019BE2C329F94C5500BDEE41 /* Assets.xcassets in Resources */,
				019BE2C129F94C5300BDEE41 /* Main.storyboard in Resources */,
			);
			runOnlyForDeploymentPostprocessing = 0;
		};
/* End PBXResourcesBuildPhase section */

/* Begin PBXShellScriptBuildPhase section */
		4066CD5316E03A63042FF28D /* [CP] Check Pods Manifest.lock */ = {
			isa = PBXShellScriptBuildPhase;
			buildActionMask = 2147483647;
			files = (
			);
			inputFileListPaths = (
			);
			inputPaths = (
				"${PODS_PODFILE_DIR_PATH}/Podfile.lock",
				"${PODS_ROOT}/Manifest.lock",
			);
			name = "[CP] Check Pods Manifest.lock";
			outputFileListPaths = (
			);
			outputPaths = (
				"$(DERIVED_FILE_DIR)/Pods-APi prcatice-checkManifestLockResult.txt",
			);
			runOnlyForDeploymentPostprocessing = 0;
			shellPath = /bin/sh;
			shellScript = "diff \"${PODS_PODFILE_DIR_PATH}/Podfile.lock\" \"${PODS_ROOT}/Manifest.lock\" > /dev/null\nif [ $? != 0 ] ; then\n    # print error to STDERR\n    echo \"error: The sandbox is not in sync with the Podfile.lock. Run 'pod install' or update your CocoaPods installation.\" >&2\n    exit 1\nfi\n# This output is used by Xcode 'outputs' to avoid re-running this script phase.\necho \"SUCCESS\" > \"${SCRIPT_OUTPUT_FILE_0}\"\n";
			showEnvVarsInLog = 0;
		};
		C61EC1F88CBADCE74E8B225D /* [CP] Embed Pods Frameworks */ = {
			isa = PBXShellScriptBuildPhase;
			buildActionMask = 2147483647;
			files = (
			);
			inputFileListPaths = (
				"${PODS_ROOT}/Target Support Files/Pods-APi prcatice/Pods-APi prcatice-frameworks-${CONFIGURATION}-input-files.xcfilelist",
			);
			name = "[CP] Embed Pods Frameworks";
			outputFileListPaths = (
				"${PODS_ROOT}/Target Support Files/Pods-APi prcatice/Pods-APi prcatice-frameworks-${CONFIGURATION}-output-files.xcfilelist",
			);
			runOnlyForDeploymentPostprocessing = 0;
			shellPath = /bin/sh;
			shellScript = "\"${PODS_ROOT}/Target Support Files/Pods-APi prcatice/Pods-APi prcatice-frameworks.sh\"\n";
			showEnvVarsInLog = 0;
		};
/* End PBXShellScriptBuildPhase section */

/* Begin PBXSourcesBuildPhase section */
		019BE2B229F94C5300BDEE41 /* Sources */ = {
			isa = PBXSourcesBuildPhase;
			buildActionMask = 2147483647;
			files = (
				019BE2DB29F9614500BDEE41 /* MovieModel.swift in Sources */,
				019BE2BE29F94C5300BDEE41 /* ViewController.swift in Sources */,
				019BE2BA29F94C5300BDEE41 /* AppDelegate.swift in Sources */,
				0116300929FA6ADA000B0150 /* MovieViewModel.swift in Sources */,
				019BE2D229F94E9900BDEE41 /* Parser.swift in Sources */,
				019BE2CF29F94CA800BDEE41 /* UserData.swift in Sources */,
				019BE2BC29F94C5300BDEE41 /* SceneDelegate.swift in Sources */,
				019BE2D829F960E900BDEE41 /* Service.swift in Sources */,
			);
			runOnlyForDeploymentPostprocessing = 0;
		};
/* End PBXSourcesBuildPhase section */

/* Begin PBXVariantGroup section */
		019BE2BF29F94C5300BDEE41 /* Main.storyboard */ = {
			isa = PBXVariantGroup;
			children = (
				019BE2C029F94C5300BDEE41 /* Base */,
			);
			name = Main.storyboard;
			sourceTree = "<group>";
		};
		019BE2C429F94C5500BDEE41 /* LaunchScreen.storyboard */ = {
			isa = PBXVariantGroup;
			children = (
				019BE2C529F94C5500BDEE41 /* Base */,
			);
			name = LaunchScreen.storyboard;
			sourceTree = "<group>";
		};
/* End PBXVariantGroup section */

/* Begin XCBuildConfiguration section */
		019BE2C829F94C5500BDEE41 /* Debug */ = {
			isa = XCBuildConfiguration;
			buildSettings = {
				ALWAYS_SEARCH_USER_PATHS = NO;
				CLANG_ANALYZER_NONNULL = YES;
				CLANG_ANALYZER_NUMBER_OBJECT_CONVERSION = YES_AGGRESSIVE;
				CLANG_CXX_LANGUAGE_STANDARD = "gnu++20";
				CLANG_ENABLE_MODULES = YES;
				CLANG_ENABLE_OBJC_ARC = YES;
				CLANG_ENABLE_OBJC_WEAK = YES;
				CLANG_WARN_BLOCK_CAPTURE_AUTORELEASING = YES;
				CLANG_WARN_BOOL_CONVERSION = YES;
				CLANG_WARN_COMMA = YES;
				CLANG_WARN_CONSTANT_CONVERSION = YES;
				CLANG_WARN_DEPRECATED_OBJC_IMPLEMENTATIONS = YES;
				CLANG_WARN_DIRECT_OBJC_ISA_USAGE = YES_ERROR;
				CLANG_WARN_DOCUMENTATION_COMMENTS = YES;
				CLANG_WARN_EMPTY_BODY = YES;
				CLANG_WARN_ENUM_CONVERSION = YES;
				CLANG_WARN_INFINITE_RECURSION = YES;
				CLANG_WARN_INT_CONVERSION = YES;
				CLANG_WARN_NON_LITERAL_NULL_CONVERSION = YES;
				CLANG_WARN_OBJC_IMPLICIT_RETAIN_SELF = YES;
				CLANG_WARN_OBJC_LITERAL_CONVERSION = YES;
				CLANG_WARN_OBJC_ROOT_CLASS = YES_ERROR;
				CLANG_WARN_QUOTED_INCLUDE_IN_FRAMEWORK_HEADER = YES;
				CLANG_WARN_RANGE_LOOP_ANALYSIS = YES;
				CLANG_WARN_STRICT_PROTOTYPES = YES;
				CLANG_WARN_SUSPICIOUS_MOVE = YES;
				CLANG_WARN_UNGUARDED_AVAILABILITY = YES_AGGRESSIVE;
				CLANG_WARN_UNREACHABLE_CODE = YES;
				CLANG_WARN__DUPLICATE_METHOD_MATCH = YES;
				COPY_PHASE_STRIP = NO;
				DEBUG_INFORMATION_FORMAT = dwarf;
				ENABLE_STRICT_OBJC_MSGSEND = YES;
				ENABLE_TESTABILITY = YES;
				GCC_C_LANGUAGE_STANDARD = gnu11;
				GCC_DYNAMIC_NO_PIC = NO;
				GCC_NO_COMMON_BLOCKS = YES;
				GCC_OPTIMIZATION_LEVEL = 0;
				GCC_PREPROCESSOR_DEFINITIONS = (
					"DEBUG=1",
					"$(inherited)",
				);
				GCC_WARN_64_TO_32_BIT_CONVERSION = YES;
				GCC_WARN_ABOUT_RETURN_TYPE = YES_ERROR;
				GCC_WARN_UNDECLARED_SELECTOR = YES;
				GCC_WARN_UNINITIALIZED_AUTOS = YES_AGGRESSIVE;
				GCC_WARN_UNUSED_FUNCTION = YES;
				GCC_WARN_UNUSED_VARIABLE = YES;
				IPHONEOS_DEPLOYMENT_TARGET = 16.0;
				MTL_ENABLE_DEBUG_INFO = INCLUDE_SOURCE;
				MTL_FAST_MATH = YES;
				ONLY_ACTIVE_ARCH = YES;
				SDKROOT = iphoneos;
				SWIFT_ACTIVE_COMPILATION_CONDITIONS = DEBUG;
				SWIFT_OPTIMIZATION_LEVEL = "-Onone";
			};
			name = Debug;
		};
		019BE2C929F94C5500BDEE41 /* Release */ = {
			isa = XCBuildConfiguration;
			buildSettings = {
				ALWAYS_SEARCH_USER_PATHS = NO;
				CLANG_ANALYZER_NONNULL = YES;
				CLANG_ANALYZER_NUMBER_OBJECT_CONVERSION = YES_AGGRESSIVE;
				CLANG_CXX_LANGUAGE_STANDARD = "gnu++20";
				CLANG_ENABLE_MODULES = YES;
				CLANG_ENABLE_OBJC_ARC = YES;
				CLANG_ENABLE_OBJC_WEAK = YES;
				CLANG_WARN_BLOCK_CAPTURE_AUTORELEASING = YES;
				CLANG_WARN_BOOL_CONVERSION = YES;
				CLANG_WARN_COMMA = YES;
				CLANG_WARN_CONSTANT_CONVERSION = YES;
				CLANG_WARN_DEPRECATED_OBJC_IMPLEMENTATIONS = YES;
				CLANG_WARN_DIRECT_OBJC_ISA_USAGE = YES_ERROR;
				CLANG_WARN_DOCUMENTATION_COMMENTS = YES;
				CLANG_WARN_EMPTY_BODY = YES;
				CLANG_WARN_ENUM_CONVERSION = YES;
				CLANG_WARN_INFINITE_RECURSION = YES;
				CLANG_WARN_INT_CONVERSION = YES;
				CLANG_WARN_NON_LITERAL_NULL_CONVERSION = YES;
				CLANG_WARN_OBJC_IMPLICIT_RETAIN_SELF = YES;
				CLANG_WARN_OBJC_LITERAL_CONVERSION = YES;
				CLANG_WARN_OBJC_ROOT_CLASS = YES_ERROR;
				CLANG_WARN_QUOTED_INCLUDE_IN_FRAMEWORK_HEADER = YES;
				CLANG_WARN_RANGE_LOOP_ANALYSIS = YES;
				CLANG_WARN_STRICT_PROTOTYPES = YES;
				CLANG_WARN_SUSPICIOUS_MOVE = YES;
				CLANG_WARN_UNGUARDED_AVAILABILITY = YES_AGGRESSIVE;
				CLANG_WARN_UNREACHABLE_CODE = YES;
				CLANG_WARN__DUPLICATE_METHOD_MATCH = YES;
				COPY_PHASE_STRIP = NO;
				DEBUG_INFORMATION_FORMAT = "dwarf-with-dsym";
				ENABLE_NS_ASSERTIONS = NO;
				ENABLE_STRICT_OBJC_MSGSEND = YES;
				GCC_C_LANGUAGE_STANDARD = gnu11;
				GCC_NO_COMMON_BLOCKS = YES;
				GCC_WARN_64_TO_32_BIT_CONVERSION = YES;
				GCC_WARN_ABOUT_RETURN_TYPE = YES_ERROR;
				GCC_WARN_UNDECLARED_SELECTOR = YES;
				GCC_WARN_UNINITIALIZED_AUTOS = YES_AGGRESSIVE;
				GCC_WARN_UNUSED_FUNCTION = YES;
				GCC_WARN_UNUSED_VARIABLE = YES;
				IPHONEOS_DEPLOYMENT_TARGET = 16.0;
				MTL_ENABLE_DEBUG_INFO = NO;
				MTL_FAST_MATH = YES;
				SDKROOT = iphoneos;
				SWIFT_COMPILATION_MODE = wholemodule;
				SWIFT_OPTIMIZATION_LEVEL = "-O";
				VALIDATE_PRODUCT = YES;
			};
			name = Release;
		};
		019BE2CB29F94C5500BDEE41 /* Debug */ = {
			isa = XCBuildConfiguration;
			baseConfigurationReference = D8A51BF8AD99C712C7372AA0 /* Pods-APi prcatice.debug.xcconfig */;
			buildSettings = {
				ASSETCATALOG_COMPILER_APPICON_NAME = AppIcon;
				ASSETCATALOG_COMPILER_GLOBAL_ACCENT_COLOR_NAME = AccentColor;
				CODE_SIGN_STYLE = Automatic;
				CURRENT_PROJECT_VERSION = 1;
				GENERATE_INFOPLIST_FILE = YES;
				INFOPLIST_FILE = "APi prcatice/Info.plist";
				INFOPLIST_KEY_UIApplicationSupportsIndirectInputEvents = YES;
				INFOPLIST_KEY_UILaunchStoryboardName = LaunchScreen;
				INFOPLIST_KEY_UIMainStoryboardFile = Main;
				INFOPLIST_KEY_UISupportedInterfaceOrientations_iPad = "UIInterfaceOrientationPortrait UIInterfaceOrientationPortraitUpsideDown UIInterfaceOrientationLandscapeLeft UIInterfaceOrientationLandscapeRight";
				INFOPLIST_KEY_UISupportedInterfaceOrientations_iPhone = "UIInterfaceOrientationPortrait UIInterfaceOrientationLandscapeLeft UIInterfaceOrientationLandscapeRight";
				LD_RUNPATH_SEARCH_PATHS = (
					"$(inherited)",
					"@executable_path/Frameworks",
				);
				MARKETING_VERSION = 1.0;
				PRODUCT_BUNDLE_IDENTIFIER = "com.vivek.APi-prcatice";
				PRODUCT_NAME = "$(TARGET_NAME)";
				SWIFT_EMIT_LOC_STRINGS = YES;
				SWIFT_VERSION = 5.0;
				TARGETED_DEVICE_FAMILY = "1,2";
			};
			name = Debug;
		};
		019BE2CC29F94C5500BDEE41 /* Release */ = {
			isa = XCBuildConfiguration;
			baseConfigurationReference = 5D925551A7683F580A0BAE36 /* Pods-APi prcatice.release.xcconfig */;
			buildSettings = {
				ASSETCATALOG_COMPILER_APPICON_NAME = AppIcon;
				ASSETCATALOG_COMPILER_GLOBAL_ACCENT_COLOR_NAME = AccentColor;
				CODE_SIGN_STYLE = Automatic;
				CURRENT_PROJECT_VERSION = 1;
				GENERATE_INFOPLIST_FILE = YES;
				INFOPLIST_FILE = "APi prcatice/Info.plist";
				INFOPLIST_KEY_UIApplicationSupportsIndirectInputEvents = YES;
				INFOPLIST_KEY_UILaunchStoryboardName = LaunchScreen;
				INFOPLIST_KEY_UIMainStoryboardFile = Main;
				INFOPLIST_KEY_UISupportedInterfaceOrientations_iPad = "UIInterfaceOrientationPortrait UIInterfaceOrientationPortraitUpsideDown UIInterfaceOrientationLandscapeLeft UIInterfaceOrientationLandscapeRight";
				INFOPLIST_KEY_UISupportedInterfaceOrientations_iPhone = "UIInterfaceOrientationPortrait UIInterfaceOrientationLandscapeLeft UIInterfaceOrientationLandscapeRight";
				LD_RUNPATH_SEARCH_PATHS = (
					"$(inherited)",
					"@executable_path/Frameworks",
				);
				MARKETING_VERSION = 1.0;
				PRODUCT_BUNDLE_IDENTIFIER = "com.vivek.APi-prcatice";
				PRODUCT_NAME = "$(TARGET_NAME)";
				SWIFT_EMIT_LOC_STRINGS = YES;
				SWIFT_VERSION = 5.0;
				TARGETED_DEVICE_FAMILY = "1,2";
			};
			name = Release;
		};
/* End XCBuildConfiguration section */

/* Begin XCConfigurationList section */
		019BE2B129F94C5300BDEE41 /* Build configuration list for PBXProject "APi prcatice" */ = {
			isa = XCConfigurationList;
			buildConfigurations = (
				019BE2C829F94C5500BDEE41 /* Debug */,
				019BE2C929F94C5500BDEE41 /* Release */,
			);
			defaultConfigurationIsVisible = 0;
			defaultConfigurationName = Release;
		};
		019BE2CA29F94C5500BDEE41 /* Build configuration list for PBXNativeTarget "APi prcatice" */ = {
			isa = XCConfigurationList;
			buildConfigurations = (
				019BE2CB29F94C5500BDEE41 /* Debug */,
				019BE2CC29F94C5500BDEE41 /* Release */,
			);
			defaultConfigurationIsVisible = 0;
			defaultConfigurationName = Release;
		};
/* End XCConfigurationList section */
	};
	rootObject = 019BE2AE29F94C5300BDEE41 /* Project object */;
}
