// !$*UTF8*$!
{
	archiveVersion = 1;
	classes = {
	};
	objectVersion = 56;
	objects = {

/* Begin PBXBuildFile section */
		011A6ED42A01041900E97DC3 /* ClockAppViewController.swift in Sources */ = {isa = PBXBuildFile; fileRef = 011A6ED32A01041900E97DC3 /* ClockAppViewController.swift */; };
		0151E75829F1230400AB619A /* DashBoardViewController.swift in Sources */ = {isa = PBXBuildFile; fileRef = 0151E75729F1230400AB619A /* DashBoardViewController.swift */; };
		018F877B29FF96B000701F26 /* SearchTableViewCell.swift in Sources */ = {isa = PBXBuildFile; fileRef = 018F877A29FF96B000701F26 /* SearchTableViewCell.swift */; };
		018F877D29FF971A00701F26 /* SearchViewController.swift in Sources */ = {isa = PBXBuildFile; fileRef = 018F877C29FF971A00701F26 /* SearchViewController.swift */; };
		018F877F29FFA3CC00701F26 /* CLLoactionViewController.swift in Sources */ = {isa = PBXBuildFile; fileRef = 018F877E29FFA3CC00701F26 /* CLLoactionViewController.swift */; };
		018F878129FFA4CF00701F26 /* LocationManager.swift in Sources */ = {isa = PBXBuildFile; fileRef = 018F878029FFA4CF00701F26 /* LocationManager.swift */; };
		01A3F3B92A00DDDA00909424 /* LocalPushNotificationViewController.swift in Sources */ = {isa = PBXBuildFile; fileRef = 01A3F3B82A00DDDA00909424 /* LocalPushNotificationViewController.swift */; };
		01C0096129EE6C350058C6E1 /* AppDelegate.swift in Sources */ = {isa = PBXBuildFile; fileRef = 01C0096029EE6C350058C6E1 /* AppDelegate.swift */; };
		01C0096329EE6C350058C6E1 /* SceneDelegate.swift in Sources */ = {isa = PBXBuildFile; fileRef = 01C0096229EE6C350058C6E1 /* SceneDelegate.swift */; };
		01C0096529EE6C350058C6E1 /* ViewController.swift in Sources */ = {isa = PBXBuildFile; fileRef = 01C0096429EE6C350058C6E1 /* ViewController.swift */; };
		01C0096829EE6C350058C6E1 /* Main.storyboard in Resources */ = {isa = PBXBuildFile; fileRef = 01C0096629EE6C350058C6E1 /* Main.storyboard */; };
		01C0096A29EE6C370058C6E1 /* Assets.xcassets in Resources */ = {isa = PBXBuildFile; fileRef = 01C0096929EE6C370058C6E1 /* Assets.xcassets */; };
		01C0096D29EE6C370058C6E1 /* LaunchScreen.storyboard in Resources */ = {isa = PBXBuildFile; fileRef = 01C0096B29EE6C370058C6E1 /* LaunchScreen.storyboard */; };
		01C0097529EE7C6A0058C6E1 /* SignUpViewController.swift in Sources */ = {isa = PBXBuildFile; fileRef = 01C0097429EE7C6A0058C6E1 /* SignUpViewController.swift */; };
		01C0097729EE7C880058C6E1 /* ForgetViewController.swift in Sources */ = {isa = PBXBuildFile; fileRef = 01C0097629EE7C880058C6E1 /* ForgetViewController.swift */; };
		01E555EE29F7E07700C91B1C /* ImagePickerActionSheetViewController.swift in Sources */ = {isa = PBXBuildFile; fileRef = 01E555ED29F7E07700C91B1C /* ImagePickerActionSheetViewController.swift */; };
/* End PBXBuildFile section */

/* Begin PBXFileReference section */
		011A6ED32A01041900E97DC3 /* ClockAppViewController.swift */ = {isa = PBXFileReference; lastKnownFileType = sourcecode.swift; path = ClockAppViewController.swift; sourceTree = "<group>"; };
		0151E75729F1230400AB619A /* DashBoardViewController.swift */ = {isa = PBXFileReference; lastKnownFileType = sourcecode.swift; path = DashBoardViewController.swift; sourceTree = "<group>"; };
		018F877A29FF96B000701F26 /* SearchTableViewCell.swift */ = {isa = PBXFileReference; lastKnownFileType = sourcecode.swift; path = SearchTableViewCell.swift; sourceTree = "<group>"; };
		018F877C29FF971A00701F26 /* SearchViewController.swift */ = {isa = PBXFileReference; lastKnownFileType = sourcecode.swift; path = SearchViewController.swift; sourceTree = "<group>"; };
		018F877E29FFA3CC00701F26 /* CLLoactionViewController.swift */ = {isa = PBXFileReference; lastKnownFileType = sourcecode.swift; path = CLLoactionViewController.swift; sourceTree = "<group>"; };
		018F878029FFA4CF00701F26 /* LocationManager.swift */ = {isa = PBXFileReference; lastKnownFileType = sourcecode.swift; path = LocationManager.swift; sourceTree = "<group>"; };
		01A3F3B82A00DDDA00909424 /* LocalPushNotificationViewController.swift */ = {isa = PBXFileReference; lastKnownFileType = sourcecode.swift; path = LocalPushNotificationViewController.swift; sourceTree = "<group>"; };
		01C0095D29EE6C350058C6E1 /* TaskOfSignIn.app */ = {isa = PBXFileReference; explicitFileType = wrapper.application; includeInIndex = 0; path = TaskOfSignIn.app; sourceTree = BUILT_PRODUCTS_DIR; };
		01C0096029EE6C350058C6E1 /* AppDelegate.swift */ = {isa = PBXFileReference; lastKnownFileType = sourcecode.swift; path = AppDelegate.swift; sourceTree = "<group>"; };
		01C0096229EE6C350058C6E1 /* SceneDelegate.swift */ = {isa = PBXFileReference; lastKnownFileType = sourcecode.swift; path = SceneDelegate.swift; sourceTree = "<group>"; };
		01C0096429EE6C350058C6E1 /* ViewController.swift */ = {isa = PBXFileReference; lastKnownFileType = sourcecode.swift; path = ViewController.swift; sourceTree = "<group>"; };
		01C0096729EE6C350058C6E1 /* Base */ = {isa = PBXFileReference; lastKnownFileType = file.storyboard; name = Base; path = Base.lproj/Main.storyboard; sourceTree = "<group>"; };
		01C0096929EE6C370058C6E1 /* Assets.xcassets */ = {isa = PBXFileReference; lastKnownFileType = folder.assetcatalog; path = Assets.xcassets; sourceTree = "<group>"; };
		01C0096C29EE6C370058C6E1 /* Base */ = {isa = PBXFileReference; lastKnownFileType = file.storyboard; name = Base; path = Base.lproj/LaunchScreen.storyboard; sourceTree = "<group>"; };
		01C0096E29EE6C370058C6E1 /* Info.plist */ = {isa = PBXFileReference; lastKnownFileType = text.plist.xml; path = Info.plist; sourceTree = "<group>"; };
		01C0097429EE7C6A0058C6E1 /* SignUpViewController.swift */ = {isa = PBXFileReference; lastKnownFileType = sourcecode.swift; path = SignUpViewController.swift; sourceTree = "<group>"; };
		01C0097629EE7C880058C6E1 /* ForgetViewController.swift */ = {isa = PBXFileReference; lastKnownFileType = sourcecode.swift; path = ForgetViewController.swift; sourceTree = "<group>"; };
		01E555ED29F7E07700C91B1C /* ImagePickerActionSheetViewController.swift */ = {isa = PBXFileReference; lastKnownFileType = sourcecode.swift; path = ImagePickerActionSheetViewController.swift; sourceTree = "<group>"; };
/* End PBXFileReference section */

/* Begin PBXFrameworksBuildPhase section */
		01C0095A29EE6C350058C6E1 /* Frameworks */ = {
			isa = PBXFrameworksBuildPhase;
			buildActionMask = 2147483647;
			files = (
			);
			runOnlyForDeploymentPostprocessing = 0;
		};
/* End PBXFrameworksBuildPhase section */

/* Begin PBXGroup section */
		01C0095429EE6C350058C6E1 = {
			isa = PBXGroup;
			children = (
				01C0095F29EE6C350058C6E1 /* TaskOfSignIn */,
				01C0095E29EE6C350058C6E1 /* Products */,
			);
			sourceTree = "<group>";
		};
		01C0095E29EE6C350058C6E1 /* Products */ = {
			isa = PBXGroup;
			children = (
				01C0095D29EE6C350058C6E1 /* TaskOfSignIn.app */,
			);
			name = Products;
			sourceTree = "<group>";
		};
		01C0095F29EE6C350058C6E1 /* TaskOfSignIn */ = {
			isa = PBXGroup;
			children = (
				01C0096029EE6C350058C6E1 /* AppDelegate.swift */,
				01C0096229EE6C350058C6E1 /* SceneDelegate.swift */,
				01C0096429EE6C350058C6E1 /* ViewController.swift */,
				01A3F3B82A00DDDA00909424 /* LocalPushNotificationViewController.swift */,
				011A6ED32A01041900E97DC3 /* ClockAppViewController.swift */,
				01E555ED29F7E07700C91B1C /* ImagePickerActionSheetViewController.swift */,
				01C0097429EE7C6A0058C6E1 /* SignUpViewController.swift */,
				018F878029FFA4CF00701F26 /* LocationManager.swift */,
				018F877E29FFA3CC00701F26 /* CLLoactionViewController.swift */,
				018F877C29FF971A00701F26 /* SearchViewController.swift */,
				0151E75729F1230400AB619A /* DashBoardViewController.swift */,
				018F877A29FF96B000701F26 /* SearchTableViewCell.swift */,
				01C0097629EE7C880058C6E1 /* ForgetViewController.swift */,
				01C0096B29EE6C370058C6E1 /* LaunchScreen.storyboard */,
				01C0096929EE6C370058C6E1 /* Assets.xcassets */,
				01C0096629EE6C350058C6E1 /* Main.storyboard */,
				01C0096E29EE6C370058C6E1 /* Info.plist */,
			);
			path = TaskOfSignIn;
			sourceTree = "<group>";
		};
/* End PBXGroup section */

/* Begin PBXNativeTarget section */
		01C0095C29EE6C350058C6E1 /* TaskOfSignIn */ = {
			isa = PBXNativeTarget;
			buildConfigurationList = 01C0097129EE6C370058C6E1 /* Build configuration list for PBXNativeTarget "TaskOfSignIn" */;
			buildPhases = (
				01C0095929EE6C350058C6E1 /* Sources */,
				01C0095A29EE6C350058C6E1 /* Frameworks */,
				01C0095B29EE6C350058C6E1 /* Resources */,
			);
			buildRules = (
			);
			dependencies = (
			);
			name = TaskOfSignIn;
			productName = TaskOfSignIn;
			productReference = 01C0095D29EE6C350058C6E1 /* TaskOfSignIn.app */;
			productType = "com.apple.product-type.application";
		};
/* End PBXNativeTarget section */

/* Begin PBXProject section */
		01C0095529EE6C350058C6E1 /* Project object */ = {
			isa = PBXProject;
			attributes = {
				BuildIndependentTargetsInParallel = 1;
				LastSwiftUpdateCheck = 1400;
				LastUpgradeCheck = 1400;
				TargetAttributes = {
					01C0095C29EE6C350058C6E1 = {
						CreatedOnToolsVersion = 14.0.1;
					};
				};
			};
			buildConfigurationList = 01C0095829EE6C350058C6E1 /* Build configuration list for PBXProject "TaskOfSignIn" */;
			compatibilityVersion = "Xcode 14.0";
			developmentRegion = en;
			hasScannedForEncodings = 0;
			knownRegions = (
				en,
				Base,
			);
			mainGroup = 01C0095429EE6C350058C6E1;
			productRefGroup = 01C0095E29EE6C350058C6E1 /* Products */;
			projectDirPath = "";
			projectRoot = "";
			targets = (
				01C0095C29EE6C350058C6E1 /* TaskOfSignIn */,
			);
		};
/* End PBXProject section */

/* Begin PBXResourcesBuildPhase section */
		01C0095B29EE6C350058C6E1 /* Resources */ = {
			isa = PBXResourcesBuildPhase;
			buildActionMask = 2147483647;
			files = (
				01C0096D29EE6C370058C6E1 /* LaunchScreen.storyboard in Resources */,
				01C0096A29EE6C370058C6E1 /* Assets.xcassets in Resources */,
				01C0096829EE6C350058C6E1 /* Main.storyboard in Resources */,
			);
			runOnlyForDeploymentPostprocessing = 0;
		};
/* End PBXResourcesBuildPhase section */

/* Begin PBXSourcesBuildPhase section */
		01C0095929EE6C350058C6E1 /* Sources */ = {
			isa = PBXSourcesBuildPhase;
			buildActionMask = 2147483647;
			files = (
				01E555EE29F7E07700C91B1C /* ImagePickerActionSheetViewController.swift in Sources */,
				01C0096529EE6C350058C6E1 /* ViewController.swift in Sources */,
				01C0096129EE6C350058C6E1 /* AppDelegate.swift in Sources */,
				018F878129FFA4CF00701F26 /* LocationManager.swift in Sources */,
				018F877D29FF971A00701F26 /* SearchViewController.swift in Sources */,
				01A3F3B92A00DDDA00909424 /* LocalPushNotificationViewController.swift in Sources */,
				018F877F29FFA3CC00701F26 /* CLLoactionViewController.swift in Sources */,
				01C0097729EE7C880058C6E1 /* ForgetViewController.swift in Sources */,
				0151E75829F1230400AB619A /* DashBoardViewController.swift in Sources */,
				011A6ED42A01041900E97DC3 /* ClockAppViewController.swift in Sources */,
				018F877B29FF96B000701F26 /* SearchTableViewCell.swift in Sources */,
				01C0097529EE7C6A0058C6E1 /* SignUpViewController.swift in Sources */,
				01C0096329EE6C350058C6E1 /* SceneDelegate.swift in Sources */,
			);
			runOnlyForDeploymentPostprocessing = 0;
		};
/* End PBXSourcesBuildPhase section */

/* Begin PBXVariantGroup section */
		01C0096629EE6C350058C6E1 /* Main.storyboard */ = {
			isa = PBXVariantGroup;
			children = (
				01C0096729EE6C350058C6E1 /* Base */,
			);
			name = Main.storyboard;
			sourceTree = "<group>";
		};
		01C0096B29EE6C370058C6E1 /* LaunchScreen.storyboard */ = {
			isa = PBXVariantGroup;
			children = (
				01C0096C29EE6C370058C6E1 /* Base */,
			);
			name = LaunchScreen.storyboard;
			sourceTree = "<group>";
		};
/* End PBXVariantGroup section */

/* Begin XCBuildConfiguration section */
		01C0096F29EE6C370058C6E1 /* Debug */ = {
			isa = XCBuildConfiguration;
			buildSettings = {
				ALWAYS_SEARCH_USER_PATHS = NO;
				CLANG_ANALYZER_NONNULL = YES;
				CLANG_ANALYZER_NUMBER_OBJECT_CONVERSION = YES_AGGRESSIVE;
				CLANG_CXX_LANGUAGE_STANDARD = "gnu++20";
				CLANG_ENABLE_MODULES = YES;
				CLANG_ENABLE_OBJC_ARC = YES;
				CLANG_ENABLE_OBJC_WEAK = YES;
				CLANG_WARN_BLOCK_CAPTURE_AUTORELEASING = YES;
				CLANG_WARN_BOOL_CONVERSION = YES;
				CLANG_WARN_COMMA = YES;
				CLANG_WARN_CONSTANT_CONVERSION = YES;
				CLANG_WARN_DEPRECATED_OBJC_IMPLEMENTATIONS = YES;
				CLANG_WARN_DIRECT_OBJC_ISA_USAGE = YES_ERROR;
				CLANG_WARN_DOCUMENTATION_COMMENTS = YES;
				CLANG_WARN_EMPTY_BODY = YES;
				CLANG_WARN_ENUM_CONVERSION = YES;
				CLANG_WARN_INFINITE_RECURSION = YES;
				CLANG_WARN_INT_CONVERSION = YES;
				CLANG_WARN_NON_LITERAL_NULL_CONVERSION = YES;
				CLANG_WARN_OBJC_IMPLICIT_RETAIN_SELF = YES;
				CLANG_WARN_OBJC_LITERAL_CONVERSION = YES;
				CLANG_WARN_OBJC_ROOT_CLASS = YES_ERROR;
				CLANG_WARN_QUOTED_INCLUDE_IN_FRAMEWORK_HEADER = YES;
				CLANG_WARN_RANGE_LOOP_ANALYSIS = YES;
				CLANG_WARN_STRICT_PROTOTYPES = YES;
				CLANG_WARN_SUSPICIOUS_MOVE = YES;
				CLANG_WARN_UNGUARDED_AVAILABILITY = YES_AGGRESSIVE;
				CLANG_WARN_UNREACHABLE_CODE = YES;
				CLANG_WARN__DUPLICATE_METHOD_MATCH = YES;
				COPY_PHASE_STRIP = NO;
				DEBUG_INFORMATION_FORMAT = dwarf;
				ENABLE_STRICT_OBJC_MSGSEND = YES;
				ENABLE_TESTABILITY = YES;
				GCC_C_LANGUAGE_STANDARD = gnu11;
				GCC_DYNAMIC_NO_PIC = NO;
				GCC_NO_COMMON_BLOCKS = YES;
				GCC_OPTIMIZATION_LEVEL = 0;
				GCC_PREPROCESSOR_DEFINITIONS = (
					"DEBUG=1",
					"$(inherited)",
				);
				GCC_WARN_64_TO_32_BIT_CONVERSION = YES;
				GCC_WARN_ABOUT_RETURN_TYPE = YES_ERROR;
				GCC_WARN_UNDECLARED_SELECTOR = YES;
				GCC_WARN_UNINITIALIZED_AUTOS = YES_AGGRESSIVE;
				GCC_WARN_UNUSED_FUNCTION = YES;
				GCC_WARN_UNUSED_VARIABLE = YES;
				IPHONEOS_DEPLOYMENT_TARGET = 16.0;
				MTL_ENABLE_DEBUG_INFO = INCLUDE_SOURCE;
				MTL_FAST_MATH = YES;
				ONLY_ACTIVE_ARCH = YES;
				SDKROOT = iphoneos;
				SWIFT_ACTIVE_COMPILATION_CONDITIONS = DEBUG;
				SWIFT_OPTIMIZATION_LEVEL = "-Onone";
			};
			name = Debug;
		};
		01C0097029EE6C370058C6E1 /* Release */ = {
			isa = XCBuildConfiguration;
			buildSettings = {
				ALWAYS_SEARCH_USER_PATHS = NO;
				CLANG_ANALYZER_NONNULL = YES;
				CLANG_ANALYZER_NUMBER_OBJECT_CONVERSION = YES_AGGRESSIVE;
				CLANG_CXX_LANGUAGE_STANDARD = "gnu++20";
				CLANG_ENABLE_MODULES = YES;
				CLANG_ENABLE_OBJC_ARC = YES;
				CLANG_ENABLE_OBJC_WEAK = YES;
				CLANG_WARN_BLOCK_CAPTURE_AUTORELEASING = YES;
				CLANG_WARN_BOOL_CONVERSION = YES;
				CLANG_WARN_COMMA = YES;
				CLANG_WARN_CONSTANT_CONVERSION = YES;
				CLANG_WARN_DEPRECATED_OBJC_IMPLEMENTATIONS = YES;
				CLANG_WARN_DIRECT_OBJC_ISA_USAGE = YES_ERROR;
				CLANG_WARN_DOCUMENTATION_COMMENTS = YES;
				CLANG_WARN_EMPTY_BODY = YES;
				CLANG_WARN_ENUM_CONVERSION = YES;
				CLANG_WARN_INFINITE_RECURSION = YES;
				CLANG_WARN_INT_CONVERSION = YES;
				CLANG_WARN_NON_LITERAL_NULL_CONVERSION = YES;
				CLANG_WARN_OBJC_IMPLICIT_RETAIN_SELF = YES;
				CLANG_WARN_OBJC_LITERAL_CONVERSION = YES;
				CLANG_WARN_OBJC_ROOT_CLASS = YES_ERROR;
				CLANG_WARN_QUOTED_INCLUDE_IN_FRAMEWORK_HEADER = YES;
				CLANG_WARN_RANGE_LOOP_ANALYSIS = YES;
				CLANG_WARN_STRICT_PROTOTYPES = YES;
				CLANG_WARN_SUSPICIOUS_MOVE = YES;
				CLANG_WARN_UNGUARDED_AVAILABILITY = YES_AGGRESSIVE;
				CLANG_WARN_UNREACHABLE_CODE = YES;
				CLANG_WARN__DUPLICATE_METHOD_MATCH = YES;
				COPY_PHASE_STRIP = NO;
				DEBUG_INFORMATION_FORMAT = "dwarf-with-dsym";
				ENABLE_NS_ASSERTIONS = NO;
				ENABLE_STRICT_OBJC_MSGSEND = YES;
				GCC_C_LANGUAGE_STANDARD = gnu11;
				GCC_NO_COMMON_BLOCKS = YES;
				GCC_WARN_64_TO_32_BIT_CONVERSION = YES;
				GCC_WARN_ABOUT_RETURN_TYPE = YES_ERROR;
				GCC_WARN_UNDECLARED_SELECTOR = YES;
				GCC_WARN_UNINITIALIZED_AUTOS = YES_AGGRESSIVE;
				GCC_WARN_UNUSED_FUNCTION = YES;
				GCC_WARN_UNUSED_VARIABLE = YES;
				IPHONEOS_DEPLOYMENT_TARGET = 16.0;
				MTL_ENABLE_DEBUG_INFO = NO;
				MTL_FAST_MATH = YES;
				SDKROOT = iphoneos;
				SWIFT_COMPILATION_MODE = wholemodule;
				SWIFT_OPTIMIZATION_LEVEL = "-O";
				VALIDATE_PRODUCT = YES;
			};
			name = Release;
		};
		01C0097229EE6C370058C6E1 /* Debug */ = {
			isa = XCBuildConfiguration;
			buildSettings = {
				ASSETCATALOG_COMPILER_APPICON_NAME = AppIcon;
				ASSETCATALOG_COMPILER_GLOBAL_ACCENT_COLOR_NAME = AccentColor;
				CODE_SIGN_STYLE = Automatic;
				CURRENT_PROJECT_VERSION = 1;
				GENERATE_INFOPLIST_FILE = YES;
				INFOPLIST_FILE = TaskOfSignIn/Info.plist;
				INFOPLIST_KEY_NSLocationAlwaysAndWhenInUseUsageDescription = "We use your location to provide personalized recommendations for nearby restaurants.";
				INFOPLIST_KEY_NSLocationWhenInUseUsageDescription = "We use your location to show you nearby points of interest.";
				INFOPLIST_KEY_UIApplicationSupportsIndirectInputEvents = YES;
				INFOPLIST_KEY_UILaunchStoryboardName = LaunchScreen;
				INFOPLIST_KEY_UIMainStoryboardFile = Main;
				INFOPLIST_KEY_UISupportedInterfaceOrientations_iPad = "UIInterfaceOrientationPortrait UIInterfaceOrientationPortraitUpsideDown UIInterfaceOrientationLandscapeLeft UIInterfaceOrientationLandscapeRight";
				INFOPLIST_KEY_UISupportedInterfaceOrientations_iPhone = "UIInterfaceOrientationPortrait UIInterfaceOrientationLandscapeLeft UIInterfaceOrientationLandscapeRight";
				LD_RUNPATH_SEARCH_PATHS = (
					"$(inherited)",
					"@executable_path/Frameworks",
				);
				MARKETING_VERSION = 1.0;
				PRODUCT_BUNDLE_IDENTIFIER = com.vivek.TaskOfSignIn;
				PRODUCT_NAME = "$(TARGET_NAME)";
				SWIFT_EMIT_LOC_STRINGS = YES;
				SWIFT_VERSION = 5.0;
				TARGETED_DEVICE_FAMILY = "1,2";
			};
			name = Debug;
		};
		01C0097329EE6C370058C6E1 /* Release */ = {
			isa = XCBuildConfiguration;
			buildSettings = {
				ASSETCATALOG_COMPILER_APPICON_NAME = AppIcon;
				ASSETCATALOG_COMPILER_GLOBAL_ACCENT_COLOR_NAME = AccentColor;
				CODE_SIGN_STYLE = Automatic;
				CURRENT_PROJECT_VERSION = 1;
				GENERATE_INFOPLIST_FILE = YES;
				INFOPLIST_FILE = TaskOfSignIn/Info.plist;
				INFOPLIST_KEY_NSLocationAlwaysAndWhenInUseUsageDescription = "We use your location to provide personalized recommendations for nearby restaurants.";
				INFOPLIST_KEY_NSLocationWhenInUseUsageDescription = "We use your location to show you nearby points of interest.";
				INFOPLIST_KEY_UIApplicationSupportsIndirectInputEvents = YES;
				INFOPLIST_KEY_UILaunchStoryboardName = LaunchScreen;
				INFOPLIST_KEY_UIMainStoryboardFile = Main;
				INFOPLIST_KEY_UISupportedInterfaceOrientations_iPad = "UIInterfaceOrientationPortrait UIInterfaceOrientationPortraitUpsideDown UIInterfaceOrientationLandscapeLeft UIInterfaceOrientationLandscapeRight";
				INFOPLIST_KEY_UISupportedInterfaceOrientations_iPhone = "UIInterfaceOrientationPortrait UIInterfaceOrientationLandscapeLeft UIInterfaceOrientationLandscapeRight";
				LD_RUNPATH_SEARCH_PATHS = (
					"$(inherited)",
					"@executable_path/Frameworks",
				);
				MARKETING_VERSION = 1.0;
				PRODUCT_BUNDLE_IDENTIFIER = com.vivek.TaskOfSignIn;
				PRODUCT_NAME = "$(TARGET_NAME)";
				SWIFT_EMIT_LOC_STRINGS = YES;
				SWIFT_VERSION = 5.0;
				TARGETED_DEVICE_FAMILY = "1,2";
			};
			name = Release;
		};
/* End XCBuildConfiguration section */

/* Begin XCConfigurationList section */
		01C0095829EE6C350058C6E1 /* Build configuration list for PBXProject "TaskOfSignIn" */ = {
			isa = XCConfigurationList;
			buildConfigurations = (
				01C0096F29EE6C370058C6E1 /* Debug */,
				01C0097029EE6C370058C6E1 /* Release */,
			);
			defaultConfigurationIsVisible = 0;
			defaultConfigurationName = Release;
		};
		01C0097129EE6C370058C6E1 /* Build configuration list for PBXNativeTarget "TaskOfSignIn" */ = {
			isa = XCConfigurationList;
			buildConfigurations = (
				01C0097229EE6C370058C6E1 /* Debug */,
				01C0097329EE6C370058C6E1 /* Release */,
			);
			defaultConfigurationIsVisible = 0;
			defaultConfigurationName = Release;
		};
/* End XCConfigurationList section */
	};
	rootObject = 01C0095529EE6C350058C6E1 /* Project object */;
}
