// !$*UTF8*$!
{
	archiveVersion = 1;
	classes = {
	};
	objectVersion = 55;
	objects = {

/* Begin PBXBuildFile section */
		01E812B329E82D3600CC6F59 /* AppDelegate.swift in Sources */ = {isa = PBXBuildFile; fileRef = 01E812B229E82D3600CC6F59 /* AppDelegate.swift */; };
		01E812B529E82D3600CC6F59 /* SceneDelegate.swift in Sources */ = {isa = PBXBuildFile; fileRef = 01E812B429E82D3600CC6F59 /* SceneDelegate.swift */; };
		01E812B729E82D3600CC6F59 /* ViewController.swift in Sources */ = {isa = PBXBuildFile; fileRef = 01E812B629E82D3600CC6F59 /* ViewController.swift */; };
		01E812BA29E82D3600CC6F59 /* Main.storyboard in Resources */ = {isa = PBXBuildFile; fileRef = 01E812B829E82D3600CC6F59 /* Main.storyboard */; };
		01E812BC29E82D3800CC6F59 /* Assets.xcassets in Resources */ = {isa = PBXBuildFile; fileRef = 01E812BB29E82D3800CC6F59 /* Assets.xcassets */; };
		01E812BF29E82D3800CC6F59 /* LaunchScreen.storyboard in Resources */ = {isa = PBXBuildFile; fileRef = 01E812BD29E82D3800CC6F59 /* LaunchScreen.storyboard */; };
		4C22C9F2915852FF5ECF4E2C /* Pods_ConstraintsPractice.framework in Frameworks */ = {isa = PBXBuildFile; fileRef = BB1946CB06102F500B3FC006 /* Pods_ConstraintsPractice.framework */; };
/* End PBXBuildFile section */

/* Begin PBXFileReference section */
		01E812AF29E82D3600CC6F59 /* ConstraintsPractice.app */ = {isa = PBXFileReference; explicitFileType = wrapper.application; includeInIndex = 0; path = ConstraintsPractice.app; sourceTree = BUILT_PRODUCTS_DIR; };
		01E812B229E82D3600CC6F59 /* AppDelegate.swift */ = {isa = PBXFileReference; lastKnownFileType = sourcecode.swift; path = AppDelegate.swift; sourceTree = "<group>"; };
		01E812B429E82D3600CC6F59 /* SceneDelegate.swift */ = {isa = PBXFileReference; lastKnownFileType = sourcecode.swift; path = SceneDelegate.swift; sourceTree = "<group>"; };
		01E812B629E82D3600CC6F59 /* ViewController.swift */ = {isa = PBXFileReference; lastKnownFileType = sourcecode.swift; path = ViewController.swift; sourceTree = "<group>"; };
		01E812B929E82D3600CC6F59 /* Base */ = {isa = PBXFileReference; lastKnownFileType = file.storyboard; name = Base; path = Base.lproj/Main.storyboard; sourceTree = "<group>"; };
		01E812BB29E82D3800CC6F59 /* Assets.xcassets */ = {isa = PBXFileReference; lastKnownFileType = folder.assetcatalog; path = Assets.xcassets; sourceTree = "<group>"; };
		01E812BE29E82D3800CC6F59 /* Base */ = {isa = PBXFileReference; lastKnownFileType = file.storyboard; name = Base; path = Base.lproj/LaunchScreen.storyboard; sourceTree = "<group>"; };
		01E812C029E82D3800CC6F59 /* Info.plist */ = {isa = PBXFileReference; lastKnownFileType = text.plist.xml; path = Info.plist; sourceTree = "<group>"; };
		10238C41B6E388044D1F4157 /* Pods-ConstraintsPractice.release.xcconfig */ = {isa = PBXFileReference; includeInIndex = 1; lastKnownFileType = text.xcconfig; name = "Pods-ConstraintsPractice.release.xcconfig"; path = "Target Support Files/Pods-ConstraintsPractice/Pods-ConstraintsPractice.release.xcconfig"; sourceTree = "<group>"; };
		BB1946CB06102F500B3FC006 /* Pods_ConstraintsPractice.framework */ = {isa = PBXFileReference; explicitFileType = wrapper.framework; includeInIndex = 0; path = Pods_ConstraintsPractice.framework; sourceTree = BUILT_PRODUCTS_DIR; };
		E9CC970E35BF1CA30E7662D1 /* Pods-ConstraintsPractice.debug.xcconfig */ = {isa = PBXFileReference; includeInIndex = 1; lastKnownFileType = text.xcconfig; name = "Pods-ConstraintsPractice.debug.xcconfig"; path = "Target Support Files/Pods-ConstraintsPractice/Pods-ConstraintsPractice.debug.xcconfig"; sourceTree = "<group>"; };
/* End PBXFileReference section */

/* Begin PBXFrameworksBuildPhase section */
		01E812AC29E82D3600CC6F59 /* Frameworks */ = {
			isa = PBXFrameworksBuildPhase;
			buildActionMask = 2147483647;
			files = (
				4C22C9F2915852FF5ECF4E2C /* Pods_ConstraintsPractice.framework in Frameworks */,
			);
			runOnlyForDeploymentPostprocessing = 0;
		};
/* End PBXFrameworksBuildPhase section */

/* Begin PBXGroup section */
		01E812A629E82D3600CC6F59 = {
			isa = PBXGroup;
			children = (
				01E812B129E82D3600CC6F59 /* ConstraintsPractice */,
				01E812B029E82D3600CC6F59 /* Products */,
				313E9B62DB9438D83E8054CD /* Pods */,
				2194B77CC03BF03FCF020FE2 /* Frameworks */,
			);
			sourceTree = "<group>";
		};
		01E812B029E82D3600CC6F59 /* Products */ = {
			isa = PBXGroup;
			children = (
				01E812AF29E82D3600CC6F59 /* ConstraintsPractice.app */,
			);
			name = Products;
			sourceTree = "<group>";
		};
		01E812B129E82D3600CC6F59 /* ConstraintsPractice */ = {
			isa = PBXGroup;
			children = (
				01E812B229E82D3600CC6F59 /* AppDelegate.swift */,
				01E812B429E82D3600CC6F59 /* SceneDelegate.swift */,
				01E812B629E82D3600CC6F59 /* ViewController.swift */,
				01E812B829E82D3600CC6F59 /* Main.storyboard */,
				01E812BB29E82D3800CC6F59 /* Assets.xcassets */,
				01E812BD29E82D3800CC6F59 /* LaunchScreen.storyboard */,
				01E812C029E82D3800CC6F59 /* Info.plist */,
			);
			path = ConstraintsPractice;
			sourceTree = "<group>";
		};
		2194B77CC03BF03FCF020FE2 /* Frameworks */ = {
			isa = PBXGroup;
			children = (
				BB1946CB06102F500B3FC006 /* Pods_ConstraintsPractice.framework */,
			);
			name = Frameworks;
			sourceTree = "<group>";
		};
		313E9B62DB9438D83E8054CD /* Pods */ = {
			isa = PBXGroup;
			children = (
				E9CC970E35BF1CA30E7662D1 /* Pods-ConstraintsPractice.debug.xcconfig */,
				10238C41B6E388044D1F4157 /* Pods-ConstraintsPractice.release.xcconfig */,
			);
			name = Pods;
			path = Pods;
			sourceTree = "<group>";
		};
/* End PBXGroup section */

/* Begin PBXNativeTarget section */
		01E812AE29E82D3600CC6F59 /* ConstraintsPractice */ = {
			isa = PBXNativeTarget;
			buildConfigurationList = 01E812C329E82D3800CC6F59 /* Build configuration list for PBXNativeTarget "ConstraintsPractice" */;
			buildPhases = (
				6CCB6C88CA36992A7FF3A451 /* [CP] Check Pods Manifest.lock */,
				01E812AB29E82D3600CC6F59 /* Sources */,
				01E812AC29E82D3600CC6F59 /* Frameworks */,
				01E812AD29E82D3600CC6F59 /* Resources */,
				8FC43B19516DBF3D85DCED87 /* [CP] Embed Pods Frameworks */,
			);
			buildRules = (
			);
			dependencies = (
			);
			name = ConstraintsPractice;
			productName = ConstraintsPractice;
			productReference = 01E812AF29E82D3600CC6F59 /* ConstraintsPractice.app */;
			productType = "com.apple.product-type.application";
		};
/* End PBXNativeTarget section */

/* Begin PBXProject section */
		01E812A729E82D3600CC6F59 /* Project object */ = {
			isa = PBXProject;
			attributes = {
				BuildIndependentTargetsInParallel = 1;
				LastSwiftUpdateCheck = 1400;
				LastUpgradeCheck = 1400;
				TargetAttributes = {
					01E812AE29E82D3600CC6F59 = {
						CreatedOnToolsVersion = 14.0.1;
					};
				};
			};
			buildConfigurationList = 01E812AA29E82D3600CC6F59 /* Build configuration list for PBXProject "ConstraintsPractice" */;
			compatibilityVersion = "Xcode 13.0";
			developmentRegion = en;
			hasScannedForEncodings = 0;
			knownRegions = (
				en,
				Base,
			);
			mainGroup = 01E812A629E82D3600CC6F59;
			productRefGroup = 01E812B029E82D3600CC6F59 /* Products */;
			projectDirPath = "";
			projectRoot = "";
			targets = (
				01E812AE29E82D3600CC6F59 /* ConstraintsPractice */,
			);
		};
/* End PBXProject section */

/* Begin PBXResourcesBuildPhase section */
		01E812AD29E82D3600CC6F59 /* Resources */ = {
			isa = PBXResourcesBuildPhase;
			buildActionMask = 2147483647;
			files = (
				01E812BF29E82D3800CC6F59 /* LaunchScreen.storyboard in Resources */,
				01E812BC29E82D3800CC6F59 /* Assets.xcassets in Resources */,
				01E812BA29E82D3600CC6F59 /* Main.storyboard in Resources */,
			);
			runOnlyForDeploymentPostprocessing = 0;
		};
/* End PBXResourcesBuildPhase section */

/* Begin PBXShellScriptBuildPhase section */
		6CCB6C88CA36992A7FF3A451 /* [CP] Check Pods Manifest.lock */ = {
			isa = PBXShellScriptBuildPhase;
			buildActionMask = 2147483647;
			files = (
			);
			inputFileListPaths = (
			);
			inputPaths = (
				"${PODS_PODFILE_DIR_PATH}/Podfile.lock",
				"${PODS_ROOT}/Manifest.lock",
			);
			name = "[CP] Check Pods Manifest.lock";
			outputFileListPaths = (
			);
			outputPaths = (
				"$(DERIVED_FILE_DIR)/Pods-ConstraintsPractice-checkManifestLockResult.txt",
			);
			runOnlyForDeploymentPostprocessing = 0;
			shellPath = /bin/sh;
			shellScript = "diff \"${PODS_PODFILE_DIR_PATH}/Podfile.lock\" \"${PODS_ROOT}/Manifest.lock\" > /dev/null\nif [ $? != 0 ] ; then\n    # print error to STDERR\n    echo \"error: The sandbox is not in sync with the Podfile.lock. Run 'pod install' or update your CocoaPods installation.\" >&2\n    exit 1\nfi\n# This output is used by Xcode 'outputs' to avoid re-running this script phase.\necho \"SUCCESS\" > \"${SCRIPT_OUTPUT_FILE_0}\"\n";
			showEnvVarsInLog = 0;
		};
		8FC43B19516DBF3D85DCED87 /* [CP] Embed Pods Frameworks */ = {
			isa = PBXShellScriptBuildPhase;
			buildActionMask = 2147483647;
			files = (
			);
			inputFileListPaths = (
				"${PODS_ROOT}/Target Support Files/Pods-ConstraintsPractice/Pods-ConstraintsPractice-frameworks-${CONFIGURATION}-input-files.xcfilelist",
			);
			name = "[CP] Embed Pods Frameworks";
			outputFileListPaths = (
				"${PODS_ROOT}/Target Support Files/Pods-ConstraintsPractice/Pods-ConstraintsPractice-frameworks-${CONFIGURATION}-output-files.xcfilelist",
			);
			runOnlyForDeploymentPostprocessing = 0;
			shellPath = /bin/sh;
			shellScript = "\"${PODS_ROOT}/Target Support Files/Pods-ConstraintsPractice/Pods-ConstraintsPractice-frameworks.sh\"\n";
			showEnvVarsInLog = 0;
		};
/* End PBXShellScriptBuildPhase section */

/* Begin PBXSourcesBuildPhase section */
		01E812AB29E82D3600CC6F59 /* Sources */ = {
			isa = PBXSourcesBuildPhase;
			buildActionMask = 2147483647;
			files = (
				01E812B729E82D3600CC6F59 /* ViewController.swift in Sources */,
				01E812B329E82D3600CC6F59 /* AppDelegate.swift in Sources */,
				01E812B529E82D3600CC6F59 /* SceneDelegate.swift in Sources */,
			);
			runOnlyForDeploymentPostprocessing = 0;
		};
/* End PBXSourcesBuildPhase section */

/* Begin PBXVariantGroup section */
		01E812B829E82D3600CC6F59 /* Main.storyboard */ = {
			isa = PBXVariantGroup;
			children = (
				01E812B929E82D3600CC6F59 /* Base */,
			);
			name = Main.storyboard;
			sourceTree = "<group>";
		};
		01E812BD29E82D3800CC6F59 /* LaunchScreen.storyboard */ = {
			isa = PBXVariantGroup;
			children = (
				01E812BE29E82D3800CC6F59 /* Base */,
			);
			name = LaunchScreen.storyboard;
			sourceTree = "<group>";
		};
/* End PBXVariantGroup section */

/* Begin XCBuildConfiguration section */
		01E812C129E82D3800CC6F59 /* Debug */ = {
			isa = XCBuildConfiguration;
			buildSettings = {
				ALWAYS_SEARCH_USER_PATHS = NO;
				CLANG_ANALYZER_NONNULL = YES;
				CLANG_ANALYZER_NUMBER_OBJECT_CONVERSION = YES_AGGRESSIVE;
				CLANG_CXX_LANGUAGE_STANDARD = "gnu++20";
				CLANG_ENABLE_MODULES = YES;
				CLANG_ENABLE_OBJC_ARC = YES;
				CLANG_ENABLE_OBJC_WEAK = YES;
				CLANG_WARN_BLOCK_CAPTURE_AUTORELEASING = YES;
				CLANG_WARN_BOOL_CONVERSION = YES;
				CLANG_WARN_COMMA = YES;
				CLANG_WARN_CONSTANT_CONVERSION = YES;
				CLANG_WARN_DEPRECATED_OBJC_IMPLEMENTATIONS = YES;
				CLANG_WARN_DIRECT_OBJC_ISA_USAGE = YES_ERROR;
				CLANG_WARN_DOCUMENTATION_COMMENTS = YES;
				CLANG_WARN_EMPTY_BODY = YES;
				CLANG_WARN_ENUM_CONVERSION = YES;
				CLANG_WARN_INFINITE_RECURSION = YES;
				CLANG_WARN_INT_CONVERSION = YES;
				CLANG_WARN_NON_LITERAL_NULL_CONVERSION = YES;
				CLANG_WARN_OBJC_IMPLICIT_RETAIN_SELF = YES;
				CLANG_WARN_OBJC_LITERAL_CONVERSION = YES;
				CLANG_WARN_OBJC_ROOT_CLASS = YES_ERROR;
				CLANG_WARN_QUOTED_INCLUDE_IN_FRAMEWORK_HEADER = YES;
				CLANG_WARN_RANGE_LOOP_ANALYSIS = YES;
				CLANG_WARN_STRICT_PROTOTYPES = YES;
				CLANG_WARN_SUSPICIOUS_MOVE = YES;
				CLANG_WARN_UNGUARDED_AVAILABILITY = YES_AGGRESSIVE;
				CLANG_WARN_UNREACHABLE_CODE = YES;
				CLANG_WARN__DUPLICATE_METHOD_MATCH = YES;
				COPY_PHASE_STRIP = NO;
				DEBUG_INFORMATION_FORMAT = dwarf;
				ENABLE_STRICT_OBJC_MSGSEND = YES;
				ENABLE_TESTABILITY = YES;
				GCC_C_LANGUAGE_STANDARD = gnu11;
				GCC_DYNAMIC_NO_PIC = NO;
				GCC_NO_COMMON_BLOCKS = YES;
				GCC_OPTIMIZATION_LEVEL = 0;
				GCC_PREPROCESSOR_DEFINITIONS = (
					"DEBUG=1",
					"$(inherited)",
				);
				GCC_WARN_64_TO_32_BIT_CONVERSION = YES;
				GCC_WARN_ABOUT_RETURN_TYPE = YES_ERROR;
				GCC_WARN_UNDECLARED_SELECTOR = YES;
				GCC_WARN_UNINITIALIZED_AUTOS = YES_AGGRESSIVE;
				GCC_WARN_UNUSED_FUNCTION = YES;
				GCC_WARN_UNUSED_VARIABLE = YES;
				IPHONEOS_DEPLOYMENT_TARGET = 16.0;
				MTL_ENABLE_DEBUG_INFO = INCLUDE_SOURCE;
				MTL_FAST_MATH = YES;
				ONLY_ACTIVE_ARCH = YES;
				SDKROOT = iphoneos;
				SWIFT_ACTIVE_COMPILATION_CONDITIONS = DEBUG;
				SWIFT_OPTIMIZATION_LEVEL = "-Onone";
			};
			name = Debug;
		};
		01E812C229E82D3800CC6F59 /* Release */ = {
			isa = XCBuildConfiguration;
			buildSettings = {
				ALWAYS_SEARCH_USER_PATHS = NO;
				CLANG_ANALYZER_NONNULL = YES;
				CLANG_ANALYZER_NUMBER_OBJECT_CONVERSION = YES_AGGRESSIVE;
				CLANG_CXX_LANGUAGE_STANDARD = "gnu++20";
				CLANG_ENABLE_MODULES = YES;
				CLANG_ENABLE_OBJC_ARC = YES;
				CLANG_ENABLE_OBJC_WEAK = YES;
				CLANG_WARN_BLOCK_CAPTURE_AUTORELEASING = YES;
				CLANG_WARN_BOOL_CONVERSION = YES;
				CLANG_WARN_COMMA = YES;
				CLANG_WARN_CONSTANT_CONVERSION = YES;
				CLANG_WARN_DEPRECATED_OBJC_IMPLEMENTATIONS = YES;
				CLANG_WARN_DIRECT_OBJC_ISA_USAGE = YES_ERROR;
				CLANG_WARN_DOCUMENTATION_COMMENTS = YES;
				CLANG_WARN_EMPTY_BODY = YES;
				CLANG_WARN_ENUM_CONVERSION = YES;
				CLANG_WARN_INFINITE_RECURSION = YES;
				CLANG_WARN_INT_CONVERSION = YES;
				CLANG_WARN_NON_LITERAL_NULL_CONVERSION = YES;
				CLANG_WARN_OBJC_IMPLICIT_RETAIN_SELF = YES;
				CLANG_WARN_OBJC_LITERAL_CONVERSION = YES;
				CLANG_WARN_OBJC_ROOT_CLASS = YES_ERROR;
				CLANG_WARN_QUOTED_INCLUDE_IN_FRAMEWORK_HEADER = YES;
				CLANG_WARN_RANGE_LOOP_ANALYSIS = YES;
				CLANG_WARN_STRICT_PROTOTYPES = YES;
				CLANG_WARN_SUSPICIOUS_MOVE = YES;
				CLANG_WARN_UNGUARDED_AVAILABILITY = YES_AGGRESSIVE;
				CLANG_WARN_UNREACHABLE_CODE = YES;
				CLANG_WARN__DUPLICATE_METHOD_MATCH = YES;
				COPY_PHASE_STRIP = NO;
				DEBUG_INFORMATION_FORMAT = "dwarf-with-dsym";
				ENABLE_NS_ASSERTIONS = NO;
				ENABLE_STRICT_OBJC_MSGSEND = YES;
				GCC_C_LANGUAGE_STANDARD = gnu11;
				GCC_NO_COMMON_BLOCKS = YES;
				GCC_WARN_64_TO_32_BIT_CONVERSION = YES;
				GCC_WARN_ABOUT_RETURN_TYPE = YES_ERROR;
				GCC_WARN_UNDECLARED_SELECTOR = YES;
				GCC_WARN_UNINITIALIZED_AUTOS = YES_AGGRESSIVE;
				GCC_WARN_UNUSED_FUNCTION = YES;
				GCC_WARN_UNUSED_VARIABLE = YES;
				IPHONEOS_DEPLOYMENT_TARGET = 16.0;
				MTL_ENABLE_DEBUG_INFO = NO;
				MTL_FAST_MATH = YES;
				SDKROOT = iphoneos;
				SWIFT_COMPILATION_MODE = wholemodule;
				SWIFT_OPTIMIZATION_LEVEL = "-O";
				VALIDATE_PRODUCT = YES;
			};
			name = Release;
		};
		01E812C429E82D3800CC6F59 /* Debug */ = {
			isa = XCBuildConfiguration;
			baseConfigurationReference = E9CC970E35BF1CA30E7662D1 /* Pods-ConstraintsPractice.debug.xcconfig */;
			buildSettings = {
				ASSETCATALOG_COMPILER_APPICON_NAME = AppIcon;
				ASSETCATALOG_COMPILER_GLOBAL_ACCENT_COLOR_NAME = AccentColor;
				CODE_SIGN_STYLE = Automatic;
				CURRENT_PROJECT_VERSION = 1;
				GENERATE_INFOPLIST_FILE = YES;
				INFOPLIST_FILE = ConstraintsPractice/Info.plist;
				INFOPLIST_KEY_UIApplicationSupportsIndirectInputEvents = YES;
				INFOPLIST_KEY_UILaunchStoryboardName = LaunchScreen;
				INFOPLIST_KEY_UIMainStoryboardFile = Main;
				INFOPLIST_KEY_UISupportedInterfaceOrientations_iPad = "UIInterfaceOrientationPortrait UIInterfaceOrientationPortraitUpsideDown UIInterfaceOrientationLandscapeLeft UIInterfaceOrientationLandscapeRight";
				INFOPLIST_KEY_UISupportedInterfaceOrientations_iPhone = "UIInterfaceOrientationPortrait UIInterfaceOrientationLandscapeLeft UIInterfaceOrientationLandscapeRight";
				LD_RUNPATH_SEARCH_PATHS = (
					"$(inherited)",
					"@executable_path/Frameworks",
				);
				MARKETING_VERSION = 1.0;
				PRODUCT_BUNDLE_IDENTIFIER = com.vivek.ConstraintsPractice;
				PRODUCT_NAME = "$(TARGET_NAME)";
				SWIFT_EMIT_LOC_STRINGS = YES;
				SWIFT_VERSION = 5.0;
				TARGETED_DEVICE_FAMILY = "1,2";
			};
			name = Debug;
		};
		01E812C529E82D3800CC6F59 /* Release */ = {
			isa = XCBuildConfiguration;
			baseConfigurationReference = 10238C41B6E388044D1F4157 /* Pods-ConstraintsPractice.release.xcconfig */;
			buildSettings = {
				ASSETCATALOG_COMPILER_APPICON_NAME = AppIcon;
				ASSETCATALOG_COMPILER_GLOBAL_ACCENT_COLOR_NAME = AccentColor;
				CODE_SIGN_STYLE = Automatic;
				CURRENT_PROJECT_VERSION = 1;
				GENERATE_INFOPLIST_FILE = YES;
				INFOPLIST_FILE = ConstraintsPractice/Info.plist;
				INFOPLIST_KEY_UIApplicationSupportsIndirectInputEvents = YES;
				INFOPLIST_KEY_UILaunchStoryboardName = LaunchScreen;
				INFOPLIST_KEY_UIMainStoryboardFile = Main;
				INFOPLIST_KEY_UISupportedInterfaceOrientations_iPad = "UIInterfaceOrientationPortrait UIInterfaceOrientationPortraitUpsideDown UIInterfaceOrientationLandscapeLeft UIInterfaceOrientationLandscapeRight";
				INFOPLIST_KEY_UISupportedInterfaceOrientations_iPhone = "UIInterfaceOrientationPortrait UIInterfaceOrientationLandscapeLeft UIInterfaceOrientationLandscapeRight";
				LD_RUNPATH_SEARCH_PATHS = (
					"$(inherited)",
					"@executable_path/Frameworks",
				);
				MARKETING_VERSION = 1.0;
				PRODUCT_BUNDLE_IDENTIFIER = com.vivek.ConstraintsPractice;
				PRODUCT_NAME = "$(TARGET_NAME)";
				SWIFT_EMIT_LOC_STRINGS = YES;
				SWIFT_VERSION = 5.0;
				TARGETED_DEVICE_FAMILY = "1,2";
			};
			name = Release;
		};
/* End XCBuildConfiguration section */

/* Begin XCConfigurationList section */
		01E812AA29E82D3600CC6F59 /* Build configuration list for PBXProject "ConstraintsPractice" */ = {
			isa = XCConfigurationList;
			buildConfigurations = (
				01E812C129E82D3800CC6F59 /* Debug */,
				01E812C229E82D3800CC6F59 /* Release */,
			);
			defaultConfigurationIsVisible = 0;
			defaultConfigurationName = Release;
		};
		01E812C329E82D3800CC6F59 /* Build configuration list for PBXNativeTarget "ConstraintsPractice" */ = {
			isa = XCConfigurationList;
			buildConfigurations = (
				01E812C429E82D3800CC6F59 /* Debug */,
				01E812C529E82D3800CC6F59 /* Release */,
			);
			defaultConfigurationIsVisible = 0;
			defaultConfigurationName = Release;
		};
/* End XCConfigurationList section */
	};
	rootObject = 01E812A729E82D3600CC6F59 /* Project object */;
}
